<?xml version="1.0" encoding="utf-8"?>
<Project ToolsVersion="4.0" xmlns="http://schemas.microsoft.com/developer/msbuild/2003">
  <ItemGroup>
    <Filter Include="Source Files">
      <UniqueIdentifier>{4FC737F1-C7A5-4376-A066-2A32D752A2FF}</UniqueIdentifier>
      <Extensions>cpp;c;cc;cxx;def;odl;idl;hpj;bat;asm;asmx</Extensions>
    </Filter>
    <Filter Include="Header Files">
      <UniqueIdentifier>{93995380-89BD-4b04-88EB-625FBE52EBFB}</UniqueIdentifier>
      <Extensions>h;hh;hpp;hxx;hm;inl;inc;ipp;xsd</Extensions>
    </Filter>
    <Filter Include="Resource Files">
      <UniqueIdentifier>{67DA6AB6-F800-4c08-8B7A-83BB121AAD01}</UniqueIdentifier>
      <Extensions>rc;ico;cur;bmp;dlg;rc2;rct;bin;rgs;gif;jpg;jpeg;jpe;resx;tiff;tif;png;wav;mfcribbon-ms</Extensions>
    </Filter>
    <Filter Include="kiero">
      <UniqueIdentifier>{c914abae-6128-4a2a-8821-07a38f656930}</UniqueIdentifier>
    </Filter>
    <Filter Include="imgui">
      <UniqueIdentifier>{3ba57e14-8ac2-485a-b12c-f06690c43d6e}</UniqueIdentifier>
    </Filter>
    <Filter Include="Header Files\win">
      <UniqueIdentifier>{a24c9cd8-a7de-4cad-a5b9-71eceb77264b}</UniqueIdentifier>
    </Filter>
    <Filter Include="Header Files\hooks">
      <UniqueIdentifier>{06e026f0-2631-411c-b298-02af896279e7}</UniqueIdentifier>
    </Filter>
    <Filter Include="Header Files\helpers">
      <UniqueIdentifier>{f69341a0-933f-46a4-a76b-3a074f5313dc}</UniqueIdentifier>
    </Filter>
    <Filter Include="Header Files\hooks\Classes">
      <UniqueIdentifier>{5885672a-0a10-4ea4-8b74-9db108809bcf}</UniqueIdentifier>
    </Filter>
    <Filter Include="Header Files\menu util">
      <UniqueIdentifier>{5b0d1cfd-425e-4628-ae9c-c62524e5b662}</UniqueIdentifier>
    </Filter>
    <Filter Include="Header Files\unity">
      <UniqueIdentifier>{af81d516-d03b-4ac3-9427-d4a03d7bec82}</UniqueIdentifier>
    </Filter>
    <Filter Include="Header Files\esp util">
      <UniqueIdentifier>{191a98fb-6c07-44e5-ba99-f548a33fd0f5}</UniqueIdentifier>
    </Filter>
    <Filter Include="Header Files\unity util">
      <UniqueIdentifier>{caedf59b-a95b-4458-af54-89ad66f76879}</UniqueIdentifier>
    </Filter>
  </ItemGroup>
  <ItemGroup>
    <ClCompile Include="kiero\minhook\src\buffer.c">
      <Filter>kiero</Filter>
    </ClCompile>
    <ClCompile Include="kiero\minhook\src\hde\hde32.c">
      <Filter>kiero</Filter>
    </ClCompile>
    <ClCompile Include="kiero\minhook\src\hde\hde64.c">
      <Filter>kiero</Filter>
    </ClCompile>
    <ClCompile Include="kiero\minhook\src\hook.c">
      <Filter>kiero</Filter>
    </ClCompile>
    <ClCompile Include="kiero\kiero.cpp">
      <Filter>kiero</Filter>
    </ClCompile>
    <ClCompile Include="kiero\minhook\src\trampoline.c">
      <Filter>kiero</Filter>
    </ClCompile>
    <ClCompile Include="main.cpp">
      <Filter>Source Files</Filter>
    </ClCompile>
    <ClCompile Include="imgui\imgui.cpp">
      <Filter>imgui</Filter>
    </ClCompile>
    <ClCompile Include="imgui\imgui_demo.cpp">
      <Filter>imgui</Filter>
    </ClCompile>
    <ClCompile Include="imgui\imgui_draw.cpp">
      <Filter>imgui</Filter>
    </ClCompile>
    <ClCompile Include="imgui\imgui_impl_dx11.cpp">
      <Filter>imgui</Filter>
    </ClCompile>
    <ClCompile Include="imgui\imgui_impl_win32.cpp">
      <Filter>imgui</Filter>
    </ClCompile>
    <ClCompile Include="imgui\imgui_widgets.cpp">
      <Filter>imgui</Filter>
    </ClCompile>
  </ItemGroup>
  <ItemGroup>
    <ResourceCompile Include="kiero\minhook\dll_resources\MinHook.rc">
      <Filter>Resource Files</Filter>
    </ResourceCompile>
  </ItemGroup>
  <ItemGroup>
    <ClInclude Include="kiero\minhook\src\buffer.h">
      <Filter>kiero</Filter>
    </ClInclude>
    <ClInclude Include="kiero\minhook\src\hde\hde32.h">
      <Filter>kiero</Filter>
    </ClInclude>
    <ClInclude Include="kiero\minhook\src\hde\hde64.h">
      <Filter>kiero</Filter>
    </ClInclude>
    <ClInclude Include="kiero\kiero.h">
      <Filter>kiero</Filter>
    </ClInclude>
    <ClInclude Include="kiero\minhook\include\MinHook.h">
      <Filter>kiero</Filter>
    </ClInclude>
    <ClInclude Include="kiero\minhook\src\hde\pstdint.h">
      <Filter>kiero</Filter>
    </ClInclude>
    <ClInclude Include="kiero\minhook\src\hde\table32.h">
      <Filter>kiero</Filter>
    </ClInclude>
    <ClInclude Include="kiero\minhook\src\hde\table64.h">
      <Filter>kiero</Filter>
    </ClInclude>
    <ClInclude Include="kiero\minhook\src\trampoline.h">
      <Filter>kiero</Filter>
    </ClInclude>
    <ClInclude Include="imgui\imconfig.h">
      <Filter>imgui</Filter>
    </ClInclude>
    <ClInclude Include="imgui\imgui.h">
      <Filter>imgui</Filter>
    </ClInclude>
    <ClInclude Include="imgui\imgui_impl_dx11.h">
      <Filter>imgui</Filter>
    </ClInclude>
    <ClInclude Include="imgui\imgui_impl_win32.h">
      <Filter>imgui</Filter>
    </ClInclude>
    <ClInclude Include="imgui\imgui_internal.h">
      <Filter>imgui</Filter>
    </ClInclude>
    <ClInclude Include="imgui\imstb_rectpack.h">
      <Filter>imgui</Filter>
    </ClInclude>
    <ClInclude Include="imgui\imstb_textedit.h">
      <Filter>imgui</Filter>
    </ClInclude>
    <ClInclude Include="imgui\imstb_truetype.h">
      <Filter>imgui</Filter>
    </ClInclude>
    <ClInclude Include="includes.h">
      <Filter>Header Files</Filter>
    </ClInclude>
    <ClInclude Include="utils.h">
      <Filter>Header Files</Filter>
    </ClInclude>
    <ClInclude Include="mathn.h">
      <Filter>Header Files</Filter>
    </ClInclude>
    <ClInclude Include="api.h">
      <Filter>Header Files</Filter>
    </ClInclude>
    <ClInclude Include="n.hpp">
      <Filter>Header Files\win</Filter>
    </ClInclude>
    <ClInclude Include="WindowsFunctions.h">
      <Filter>Header Files\win</Filter>
    </ClInclude>
    <ClInclude Include="offsets.h">
      <Filter>Header Files</Filter>
    </ClInclude>
    <ClInclude Include="hooks.h">
      <Filter>Header Files\hooks</Filter>
    </ClInclude>
    <ClInclude Include="memory.h">
      <Filter>Header Files</Filter>
    </ClInclude>
    <ClInclude Include="cvar.h">
      <Filter>Header Files\helpers</Filter>
    </ClInclude>
    <ClInclude Include="RoleHelper.h">
      <Filter>Header Files\helpers</Filter>
    </ClInclude>
    <ClInclude Include="AimbotHelper.h">
      <Filter>Header Files\helpers</Filter>
    </ClInclude>
    <ClInclude Include="xorstr.hpp">
      <Filter>imgui</Filter>
    </ClInclude>
    <ClInclude Include="SCPSL.h">
      <Filter>Header Files\hooks\Classes</Filter>
    </ClInclude>
    <ClInclude Include="Input.h">
      <Filter>Header Files\unity</Filter>
    </ClInclude>
    <ClInclude Include="UnityEngine.h">
      <Filter>Header Files\hooks\Classes</Filter>
    </ClInclude>
    <ClInclude Include="defines.h">
      <Filter>Header Files\hooks</Filter>
    </ClInclude>
    <ClInclude Include="Mirror.h">
      <Filter>Header Files\hooks\Classes</Filter>
    </ClInclude>
    <ClInclude Include="MenuControls.h">
      <Filter>Header Files\menu util</Filter>
    </ClInclude>
    <ClInclude Include="MenuFonts.h">
      <Filter>Header Files\menu util</Filter>
    </ClInclude>
    <ClInclude Include="Menu.h">
      <Filter>Header Files\menu util</Filter>
    </ClInclude>
    <ClInclude Include="structs.h">
      <Filter>Header Files\hooks</Filter>
    </ClInclude>
    <ClInclude Include="ImGuiUtils.h">
      <Filter>Header Files\esp util</Filter>
    </ClInclude>
    <ClInclude Include="global.h">
      <Filter>Header Files\hooks</Filter>
    </ClInclude>
    <ClInclude Include="ItemHelper.h">
      <Filter>Header Files\helpers</Filter>
    </ClInclude>
    <ClInclude Include="MathUtil.h">
      <Filter>Header Files\helpers</Filter>
    </ClInclude>
    <ClInclude Include="Renderer.h">
      <Filter>Header Files\menu util</Filter>
    </ClInclude>
    <ClInclude Include="RoomHelper.h">
      <Filter>Header Files\helpers</Filter>
    </ClInclude>
    <ClInclude Include="PlayerHelper.h">
      <Filter>Header Files\helpers</Filter>
    </ClInclude>
    <ClInclude Include="GameObject.h">
      <Filter>Header Files\unity</Filter>
    </ClInclude>
    <ClInclude Include="specialHooks.h">
      <Filter>Header Files\hooks</Filter>
    </ClInclude>
    <ClInclude Include="LayerMaskUtil.h">
      <Filter>Header Files\unity util</Filter>
    </ClInclude>
  </ItemGroup>
  <ItemGroup>
    <None Include="kiero\minhook\dll_resources\MinHook.def">
      <Filter>kiero</Filter>
    </None>
  </ItemGroup>
</Project>